{
  "name": "hanz-portfolio",
  "version": "1.0.0",
  "lockfileVersion": 3,
  "requires": true,
  "packages": {
    "": {
      "name": "hanz-portfolio",
      "version": "1.0.0",
      "dependencies": {
        "gsap": "^3.15.0",
        "react": "^18.3.1",
        "react-dom": "^18.3.1"
      },
      "devDependencies": {
        "hydrascript": "github:hanxthvy/hydrascript"
      }
    },
    "node_modules/gsap": {
      "version": "3.15.0",
      "resolved": "https://registry.npmjs.org/gsap/-/gsap-3.15.0.tgz",
      "integrity": "sha512-dMW4CWBTUK1AEEDeZc1g4xpPGIrSf9fJF960qbTZmN/QwZIWY5wgliS6JWl9/25fpTGJrMRtSjGtOmPnfjZB+A==",
      "license": "Standard 'no charge' license: https://gsap.com/standard-license."
    },
    "node_modules/hydrascript": {
      "version": "0.3.0",
      "resolved": "git+ssh://git@github.com/hanxthvy/hydrascript.git#e4a312f09b7dd88e5de1a836baaff8e8edfcb0df",
      "dev": true,
      "license": "MIT",
      "bin": {
        "hydra": "bin/hydra.js"
      }
    },
    "node_modules/js-tokens": {
      "version": "4.0.0",
      "license": "MIT"
    },
    "node_modules/loose-envify": {
      "version": "1.4.0",
      "license": "MIT",
      "dependencies": {
        "js-tokens": "^3.0.0 || ^4.0.0"
      },
      "bin": {
        "loose-envify": "cli.js"
      }
    },
    "node_modules/react": {
      "version": "18.3.1",
      "license": "MIT",
      "peer": true,
      "dependencies": {
        "loose-envify": "^1.1.0"
      },
      "engines": {
        "node": ">=0.10.0"
      }
    },
    "node_modules/react-dom": {
      "version": "18.3.1",
      "license": "MIT",
      "dependencies": {
        "loose-envify": "^1.1.0",
        "scheduler": "^0.23.2"
      },
      "peerDependencies": {
        "react": "^18.3.1"
      }
    },
    "node_modules/scheduler": {
      "version": "0.23.2",
      "license": "MIT",
      "dependencies": {
        "loose-envify": "^1.1.0"
      }
    }
  }
}
